<?xml version="1.0" encoding="utf-8"?>
<Project ToolsVersion="4.0" xmlns="http://schemas.microsoft.com/developer/msbuild/2003">
  <ItemGroup>
    <Filter Include="소스 파일">
      <UniqueIdentifier>{4FC737F1-C7A5-4376-A066-2A32D752A2FF}</UniqueIdentifier>
      <Extensions>cpp;c;cc;cxx;c++;cppm;ixx;def;odl;idl;hpj;bat;asm;asmx</Extensions>
    </Filter>
    <Filter Include="00. Engine">
      <UniqueIdentifier>{eca26f49-96ac-4b83-9963-8be423e42b16}</UniqueIdentifier>
    </Filter>
    <Filter Include="01. Graphics">
      <UniqueIdentifier>{2546d0dd-e467-4314-8c4e-2fa3fc60a857}</UniqueIdentifier>
    </Filter>
    <Filter Include="02. Managers">
      <UniqueIdentifier>{58764022-e36a-4d95-a87f-df1d4fc0c749}</UniqueIdentifier>
    </Filter>
    <Filter Include="03. GameObject">
      <UniqueIdentifier>{95431664-2317-41c4-955f-95e53cbf7b36}</UniqueIdentifier>
    </Filter>
    <Filter Include="04. Component">
      <UniqueIdentifier>{40a8522b-00d7-4c92-8332-b9e613ee05ff}</UniqueIdentifier>
    </Filter>
    <Filter Include="99. Headers">
      <UniqueIdentifier>{cfde471a-8319-4bdc-a4e7-b7bfc248c9a9}</UniqueIdentifier>
    </Filter>
    <Filter Include="99. Utils">
      <UniqueIdentifier>{2e3b8956-d51c-4140-a6e1-57e675ac815f}</UniqueIdentifier>
    </Filter>
    <Filter Include="01. Graphics\Buffer">
      <UniqueIdentifier>{7d78e67a-1700-4052-9639-d708cfb57329}</UniqueIdentifier>
    </Filter>
    <Filter Include="01. Graphics\Shader">
      <UniqueIdentifier>{26771adc-954e-4b46-96e1-0ad5cdd09688}</UniqueIdentifier>
    </Filter>
    <Filter Include="00. Engine\Resource">
      <UniqueIdentifier>{bc14080e-86a1-4fda-9cd3-6255e6a1ed21}</UniqueIdentifier>
    </Filter>
  </ItemGroup>
  <ItemGroup>
    <ClInclude Include="pch.h">
      <Filter>소스 파일</Filter>
    </ClInclude>
    <ClInclude Include="EnginePch.h">
      <Filter>소스 파일</Filter>
    </ClInclude>
    <ClInclude Include="Types.h">
      <Filter>소스 파일</Filter>
    </ClInclude>
    <ClInclude Include="Define.h">
      <Filter>소스 파일</Filter>
    </ClInclude>
    <ClInclude Include="SimpleMath.h">
      <Filter>99. Utils</Filter>
    </ClInclude>
    <ClInclude Include="tinyxml2.h">
      <Filter>99. Utils</Filter>
    </ClInclude>
    <ClInclude Include="Utils.h">
      <Filter>99. Utils</Filter>
    </ClInclude>
    <ClInclude Include="InputManager.h">
      <Filter>02. Managers</Filter>
    </ClInclude>
    <ClInclude Include="TimeManager.h">
      <Filter>02. Managers</Filter>
    </ClInclude>
    <ClInclude Include="Graphics.h">
      <Filter>02. Managers</Filter>
    </ClInclude>
    <ClInclude Include="ResourceManager.h">
      <Filter>02. Managers</Filter>
    </ClInclude>
    <ClInclude Include="Game.h">
      <Filter>02. Managers</Filter>
    </ClInclude>
    <ClInclude Include="IExecute.h">
      <Filter>00. Engine</Filter>
    </ClInclude>
    <ClInclude Include="ConstantBuffer.h">
      <Filter>01. Graphics\Buffer</Filter>
    </ClInclude>
    <ClInclude Include="Geometry.h">
      <Filter>01. Graphics\Buffer</Filter>
    </ClInclude>
    <ClInclude Include="IndexBuffer.h">
      <Filter>01. Graphics\Buffer</Filter>
    </ClInclude>
    <ClInclude Include="VertexBuffer.h">
      <Filter>01. Graphics\Buffer</Filter>
    </ClInclude>
    <ClInclude Include="VertexData.h">
      <Filter>01. Graphics\Buffer</Filter>
    </ClInclude>
    <ClInclude Include="Pass.h">
      <Filter>01. Graphics\Shader</Filter>
    </ClInclude>
    <ClInclude Include="Shader.h">
      <Filter>01. Graphics\Shader</Filter>
    </ClInclude>
    <ClInclude Include="Technique.h">
      <Filter>01. Graphics\Shader</Filter>
    </ClInclude>
    <ClInclude Include="ResourceBase.h">
      <Filter>00. Engine\Resource</Filter>
    </ClInclude>
    <ClInclude Include="Texture.h">
      <Filter>00. Engine\Resource</Filter>
    </ClInclude>
    <ClInclude Include="GeometryHelper.h">
      <Filter>01. Graphics\Buffer</Filter>
    </ClInclude>
    <ClInclude Include="Component.h">
      <Filter>04. Component</Filter>
    </ClInclude>
    <ClInclude Include="GameObject.h">
      <Filter>03. GameObject</Filter>
    </ClInclude>
    <ClInclude Include="Transform.h">
      <Filter>04. Component</Filter>
    </ClInclude>
    <ClInclude Include="MonoBehaviour.h">
      <Filter>04. Component</Filter>
    </ClInclude>
    <ClInclude Include="Camera.h">
      <Filter>04. Component</Filter>
    </ClInclude>
    <ClInclude Include="Mesh.h">
      <Filter>00. Engine\Resource</Filter>
    </ClInclude>
    <ClInclude Include="MeshRenderer.h">
      <Filter>04. Component</Filter>
    </ClInclude>
  </ItemGroup>
  <ItemGroup>
    <ClCompile Include="SimpleMath.cpp">
      <Filter>99. Utils</Filter>
    </ClCompile>
    <ClCompile Include="tinyxml2.cpp">
      <Filter>99. Utils</Filter>
    </ClCompile>
    <ClCompile Include="Utils.cpp">
      <Filter>99. Utils</Filter>
    </ClCompile>
    <ClCompile Include="InputManager.cpp">
      <Filter>02. Managers</Filter>
    </ClCompile>
    <ClCompile Include="TimeManager.cpp">
      <Filter>02. Managers</Filter>
    </ClCompile>
    <ClCompile Include="Graphics.cpp">
      <Filter>02. Managers</Filter>
    </ClCompile>
    <ClCompile Include="ResourceManager.cpp">
      <Filter>02. Managers</Filter>
    </ClCompile>
    <ClCompile Include="Game.cpp">
      <Filter>02. Managers</Filter>
    </ClCompile>
    <ClCompile Include="IExecute.cpp">
      <Filter>00. Engine</Filter>
    </ClCompile>
    <ClCompile Include="ConstantBuffer.cpp">
      <Filter>01. Graphics\Buffer</Filter>
    </ClCompile>
    <ClCompile Include="Geometry.cpp">
      <Filter>01. Graphics\Buffer</Filter>
    </ClCompile>
    <ClCompile Include="IndexBuffer.cpp">
      <Filter>01. Graphics\Buffer</Filter>
    </ClCompile>
    <ClCompile Include="VertexBuffer.cpp">
      <Filter>01. Graphics\Buffer</Filter>
    </ClCompile>
    <ClCompile Include="VertexData.cpp">
      <Filter>01. Graphics\Buffer</Filter>
    </ClCompile>
    <ClCompile Include="Pass.cpp">
      <Filter>01. Graphics\Shader</Filter>
    </ClCompile>
    <ClCompile Include="Shader.cpp">
      <Filter>01. Graphics\Shader</Filter>
    </ClCompile>
    <ClCompile Include="Technique.cpp">
      <Filter>01. Graphics\Shader</Filter>
    </ClCompile>
    <ClCompile Include="ResourceBase.cpp">
      <Filter>00. Engine\Resource</Filter>
    </ClCompile>
    <ClCompile Include="Texture.cpp">
      <Filter>00. Engine\Resource</Filter>
    </ClCompile>
    <ClCompile Include="pch.cpp">
      <Filter>01. Graphics\Buffer</Filter>
    </ClCompile>
    <ClCompile Include="GeometryHelper.cpp">
      <Filter>01. Graphics\Buffer</Filter>
    </ClCompile>
    <ClCompile Include="Component.cpp">
      <Filter>04. Component</Filter>
    </ClCompile>
    <ClCompile Include="GameObject.cpp">
      <Filter>03. GameObject</Filter>
    </ClCompile>
    <ClCompile Include="Transform.cpp">
      <Filter>04. Component</Filter>
    </ClCompile>
    <ClCompile Include="MonoBehaviour.cpp">
      <Filter>04. Component</Filter>
    </ClCompile>
    <ClCompile Include="Camera.cpp">
      <Filter>04. Component</Filter>
    </ClCompile>
    <ClCompile Include="Mesh.cpp">
      <Filter>00. Engine\Resource</Filter>
    </ClCompile>
    <ClCompile Include="MeshRenderer.cpp">
      <Filter>04. Component</Filter>
    </ClCompile>
  </ItemGroup>
  <ItemGroup>
    <None Include="SimpleMath.inl">
      <Filter>99. Utils</Filter>
    </None>
  </ItemGroup>
</Project>